
Microsoft Visual Studio Solution File, Format Version 12.00
# Visual Studio Version 18
VisualStudioVersion = 18.0.11205.157 d18.0
MinimumVisualStudioVersion = 10.0.40219.1
Project("{FAE04EC0-301F-11D3-BF4B-00C04F79EFBC}") = "EventPlayground", "EventPlayground.csproj", "{54C2B947-2AE6-3CA5-2823-9854A9572C45}"
EndProject
Global
	GlobalSection(SolutionConfigurationPlatforms) = preSolution
		Debug|Any CPU = Debug|Any CPU
		Release|Any CPU = Release|Any CPU
	EndGlobalSection
	GlobalSection(ProjectConfigurationPlatforms) = postSolution
		{54C2B947-2AE6-3CA5-2823-9854A9572C45}.Debug|Any CPU.ActiveCfg = Debug|Any CPU
		{54C2B947-2AE6-3CA5-2823-9854A9572C45}.Debug|Any CPU.Build.0 = Debug|Any CPU
		{54C2B947-2AE6-3CA5-2823-9854A9572C45}.Release|Any CPU.ActiveCfg = Release|Any CPU
		{54C2B947-2AE6-3CA5-2823-9854A9572C45}.Release|Any CPU.Build.0 = Release|Any CPU
	EndGlobalSection
	GlobalSection(SolutionProperties) = preSolution
		HideSolutionNode = FALSE
	EndGlobalSection
	GlobalSection(ExtensibilityGlobals) = postSolution
		SolutionGuid = {76F9B650-0FD3-4F30-B57C-180C7FF2E32E}
	EndGlobalSection
EndGlobal
